
Microsoft Visual Studio Solution File, Format Version 12.00
# Visual Studio Version 17
VisualStudioVersion = 17.11.35327.3
MinimumVisualStudioVersion = 10.0.40219.1
Project("{FAE04EC0-301F-11D3-BF4B-00C04F79EFBC}") = "DynamicTimeTable", "DynamicTimeTable\DynamicTimeTable.csproj", "{62384CB6-1B4E-49F8-83C9-EB5E8BBE6DAD}"
EndProject
Global
	GlobalSection(SolutionConfigurationPlatforms) = preSolution
		Debug|Any CPU = Debug|Any CPU
		Release|Any CPU = Release|Any CPU
	EndGlobalSection
	GlobalSection(ProjectConfigurationPlatforms) = postSolution
		{62384CB6-1B4E-49F8-83C9-EB5E8BBE6DAD}.Debug|Any CPU.ActiveCfg = Debug|Any CPU
		{62384CB6-1B4E-49F8-83C9-EB5E8BBE6DAD}.Debug|Any CPU.Build.0 = Debug|Any CPU
		{62384CB6-1B4E-49F8-83C9-EB5E8BBE6DAD}.Release|Any CPU.ActiveCfg = Release|Any CPU
		{62384CB6-1B4E-49F8-83C9-EB5E8BBE6DAD}.Release|Any CPU.Build.0 = Release|Any CPU
	EndGlobalSection
	GlobalSection(SolutionProperties) = preSolution
		HideSolutionNode = FALSE
	EndGlobalSection
	GlobalSection(ExtensibilityGlobals) = postSolution
		SolutionGuid = {32E7AE5F-F312-4F01-B853-CC5D5472DA30}
	EndGlobalSection
EndGlobal
